
Microsoft Visual Studio Solution File, Format Version 12.00
# Visual Studio 2013
VisualStudioVersion = 12.0.31101.0
MinimumVisualStudioVersion = 10.0.40219.1
Project("{FAE04EC0-301F-11D3-BF4B-00C04F79EFBC}") = "HelloADALjs", "HelloADALjs\HelloADALjs.csproj", "{A172BE04-DE2D-4D07-8BDB-E6EF53AE2862}"
EndProject
Project("{2150E333-8FDC-42A3-9474-1A3956D46DE8}") = ".nuget", ".nuget", "{31BA876E-C6D4-43F3-8980-519A39E4CC84}"
	ProjectSection(SolutionItems) = preProject
		.nuget\NuGet.Config = .nuget\NuGet.Config
		.nuget\NuGet.exe = .nuget\NuGet.exe
		.nuget\NuGet.targets = .nuget\NuGet.targets
	EndProjectSection
EndProject
Global
	GlobalSection(SolutionConfigurationPlatforms) = preSolution
		Debug|Any CPU = Debug|Any CPU
		Release|Any CPU = Release|Any CPU
	EndGlobalSection
	GlobalSection(ProjectConfigurationPlatforms) = postSolution
		{A172BE04-DE2D-4D07-8BDB-E6EF53AE2862}.Debug|Any CPU.ActiveCfg = Debug|Any CPU
		{A172BE04-DE2D-4D07-8BDB-E6EF53AE2862}.Debug|Any CPU.Build.0 = Debug|Any CPU
		{A172BE04-DE2D-4D07-8BDB-E6EF53AE2862}.Release|Any CPU.ActiveCfg = Release|Any CPU
		{A172BE04-DE2D-4D07-8BDB-E6EF53AE2862}.Release|Any CPU.Build.0 = Release|Any CPU
	EndGlobalSection
	GlobalSection(SolutionProperties) = preSolution
		HideSolutionNode = FALSE
	EndGlobalSection
EndGlobal
