
Microsoft Visual Studio Solution File, Format Version 12.00
# Visual Studio 2013
VisualStudioVersion = 12.0.31101.0
MinimumVisualStudioVersion = 10.0.40219.1
Project("{FAE04EC0-301F-11D3-BF4B-00C04F79EFBC}") = "MinimalDownloadStrategy", "MinimalDownloadStrategy\MinimalDownloadStrategy.csproj", "{6B5B51D5-16A3-456A-BAFA-D5AEE7B098B3}"
EndProject
Project("{2150E333-8FDC-42A3-9474-1A3956D46DE8}") = ".nuget", ".nuget", "{7CABCFA1-1F85-4FB3-9B7A-89DB3A3A46B7}"
	ProjectSection(SolutionItems) = preProject
		.nuget\NuGet.Config = .nuget\NuGet.Config
		.nuget\NuGet.exe = .nuget\NuGet.exe
		.nuget\NuGet.targets = .nuget\NuGet.targets
	EndProjectSection
EndProject
Global
	GlobalSection(SolutionConfigurationPlatforms) = preSolution
		Debug|Any CPU = Debug|Any CPU
		Release|Any CPU = Release|Any CPU
	EndGlobalSection
	GlobalSection(ProjectConfigurationPlatforms) = postSolution
		{6B5B51D5-16A3-456A-BAFA-D5AEE7B098B3}.Debug|Any CPU.ActiveCfg = Debug|Any CPU
		{6B5B51D5-16A3-456A-BAFA-D5AEE7B098B3}.Debug|Any CPU.Build.0 = Debug|Any CPU
		{6B5B51D5-16A3-456A-BAFA-D5AEE7B098B3}.Debug|Any CPU.Deploy.0 = Debug|Any CPU
		{6B5B51D5-16A3-456A-BAFA-D5AEE7B098B3}.Release|Any CPU.ActiveCfg = Release|Any CPU
		{6B5B51D5-16A3-456A-BAFA-D5AEE7B098B3}.Release|Any CPU.Build.0 = Release|Any CPU
		{6B5B51D5-16A3-456A-BAFA-D5AEE7B098B3}.Release|Any CPU.Deploy.0 = Release|Any CPU
	EndGlobalSection
	GlobalSection(SolutionProperties) = preSolution
		HideSolutionNode = FALSE
	EndGlobalSection
EndGlobal
