
Microsoft Visual Studio Solution File, Format Version 12.00
# Visual Studio 2013
VisualStudioVersion = 12.0.31101.0
MinimumVisualStudioVersion = 10.0.40219.1
Project("{FAE04EC0-301F-11D3-BF4B-00C04F79EFBC}") = "O365SharePointApp", "O365SharePointApp\O365SharePointApp.csproj", "{4BDF83A2-BB00-4203-9A7D-EA20F21CC6C1}"
EndProject
Project("{FAE04EC0-301F-11D3-BF4B-00C04F79EFBC}") = "O365SharePointAppWeb", "O365SharePointAppWeb\O365SharePointAppWeb.csproj", "{4F42653C-D70C-4FD4-B353-EC67BF5A5935}"
EndProject
Project("{2150E333-8FDC-42A3-9474-1A3956D46DE8}") = ".nuget", ".nuget", "{1F313D76-8D4D-4678-B48B-666F2FFF8C0F}"
	ProjectSection(SolutionItems) = preProject
		.nuget\NuGet.Config = .nuget\NuGet.Config
		.nuget\NuGet.exe = .nuget\NuGet.exe
		.nuget\NuGet.targets = .nuget\NuGet.targets
	EndProjectSection
EndProject
Global
	GlobalSection(SolutionConfigurationPlatforms) = preSolution
		Debug|Any CPU = Debug|Any CPU
		Release|Any CPU = Release|Any CPU
	EndGlobalSection
	GlobalSection(ProjectConfigurationPlatforms) = postSolution
		{4BDF83A2-BB00-4203-9A7D-EA20F21CC6C1}.Debug|Any CPU.ActiveCfg = Debug|Any CPU
		{4BDF83A2-BB00-4203-9A7D-EA20F21CC6C1}.Debug|Any CPU.Build.0 = Debug|Any CPU
		{4BDF83A2-BB00-4203-9A7D-EA20F21CC6C1}.Debug|Any CPU.Deploy.0 = Debug|Any CPU
		{4BDF83A2-BB00-4203-9A7D-EA20F21CC6C1}.Release|Any CPU.ActiveCfg = Release|Any CPU
		{4BDF83A2-BB00-4203-9A7D-EA20F21CC6C1}.Release|Any CPU.Build.0 = Release|Any CPU
		{4BDF83A2-BB00-4203-9A7D-EA20F21CC6C1}.Release|Any CPU.Deploy.0 = Release|Any CPU
		{4F42653C-D70C-4FD4-B353-EC67BF5A5935}.Debug|Any CPU.ActiveCfg = Debug|Any CPU
		{4F42653C-D70C-4FD4-B353-EC67BF5A5935}.Debug|Any CPU.Build.0 = Debug|Any CPU
		{4F42653C-D70C-4FD4-B353-EC67BF5A5935}.Release|Any CPU.ActiveCfg = Release|Any CPU
		{4F42653C-D70C-4FD4-B353-EC67BF5A5935}.Release|Any CPU.Build.0 = Release|Any CPU
	EndGlobalSection
	GlobalSection(SolutionProperties) = preSolution
		HideSolutionNode = FALSE
	EndGlobalSection
EndGlobal
